
Microsoft Visual Studio Solution File, Format Version 12.00
# Visual Studio Version 16
VisualStudioVersion = 16.0.31410.357
MinimumVisualStudioVersion = 10.0.40219.1
Project("{FAE04EC0-301F-11D3-BF4B-00C04F79EFBC}") = "ModelHelpersGUI", "ModelHelpersGUI\ModelHelpersGUI.csproj", "{FE246203-9EDF-4F9A-94B0-541AEAB5C903}"
EndProject
Global
	GlobalSection(SolutionConfigurationPlatforms) = preSolution
		Debug|Any CPU = Debug|Any CPU
		Release|Any CPU = Release|Any CPU
	EndGlobalSection
	GlobalSection(ProjectConfigurationPlatforms) = postSolution
		{FE246203-9EDF-4F9A-94B0-541AEAB5C903}.Debug|Any CPU.ActiveCfg = Debug|Any CPU
		{FE246203-9EDF-4F9A-94B0-541AEAB5C903}.Debug|Any CPU.Build.0 = Debug|Any CPU
		{FE246203-9EDF-4F9A-94B0-541AEAB5C903}.Release|Any CPU.ActiveCfg = Release|Any CPU
		{FE246203-9EDF-4F9A-94B0-541AEAB5C903}.Release|Any CPU.Build.0 = Release|Any CPU
	EndGlobalSection
	GlobalSection(SolutionProperties) = preSolution
		HideSolutionNode = FALSE
	EndGlobalSection
	GlobalSection(ExtensibilityGlobals) = postSolution
		SolutionGuid = {8ACA7CF1-3EE6-45F2-8026-A8B461C4E282}
	EndGlobalSection
EndGlobal
